// !$*UTF8*$!
{
	archiveVersion = 1;
	classes = {
	};
	objectVersion = 51;
	objects = {

/* Begin PBXBuildFile section */
		A240A1DA23C4342B002846D3 /* Assets.xcassets in Resources */ = {isa = PBXBuildFile; fileRef = A240A1D923C4342B002846D3 /* Assets.xcassets */; };
		A240A1DD23C4342B002846D3 /* LaunchScreen.storyboard in Resources */ = {isa = PBXBuildFile; fileRef = A240A1DB23C4342B002846D3 /* LaunchScreen.storyboard */; };
		A240A1E523C43448002846D3 /* GoogleService-Info.plist in Resources */ = {isa = PBXBuildFile; fileRef = A240A1E423C43448002846D3 /* GoogleService-Info.plist */; };
		A240A1EB23C434F7002846D3 /* WeekTwoViewController.swift in Sources */ = {isa = PBXBuildFile; fileRef = A240A1E623C434F5002846D3 /* WeekTwoViewController.swift */; };
		A240A1EC23C434F7002846D3 /* WeekOneViewController.swift in Sources */ = {isa = PBXBuildFile; fileRef = A240A1E723C434F6002846D3 /* WeekOneViewController.swift */; };
		A240A1ED23C434F7002846D3 /* HistoryViewController.swift in Sources */ = {isa = PBXBuildFile; fileRef = A240A1E823C434F6002846D3 /* HistoryViewController.swift */; };
		A240A1EF23C434F7002846D3 /* ResultsViewController.swift in Sources */ = {isa = PBXBuildFile; fileRef = A240A1EA23C434F7002846D3 /* ResultsViewController.swift */; };
		A240A1F323C43513002846D3 /* AppDelegate.swift in Sources */ = {isa = PBXBuildFile; fileRef = A240A1F023C43512002846D3 /* AppDelegate.swift */; };
		A240A1F423C43513002846D3 /* Constants.swift in Sources */ = {isa = PBXBuildFile; fileRef = A240A1F123C43512002846D3 /* Constants.swift */; };
		A240A1F523C43513002846D3 /* SceneDelegate.swift in Sources */ = {isa = PBXBuildFile; fileRef = A240A1F223C43513002846D3 /* SceneDelegate.swift */; };
		A240A1F823C438AF002846D3 /* Main.storyboard in Resources */ = {isa = PBXBuildFile; fileRef = A240A1F623C43525002846D3 /* Main.storyboard */; };
		A298264023C527D400E9F50D /* DetailViewController.swift in Sources */ = {isa = PBXBuildFile; fileRef = A298263F23C527D400E9F50D /* DetailViewController.swift */; };
		C42A5018D1FF456B39F6E712 /* Pods_PayCalc.framework in Frameworks */ = {isa = PBXBuildFile; fileRef = A4358CA5DD7E6F502DB39655 /* Pods_PayCalc.framework */; };
/* End PBXBuildFile section */

/* Begin PBXFileReference section */
		4DBA3B65EFF33610BD7E5DBE /* Pods-PayCalc.debug.xcconfig */ = {isa = PBXFileReference; includeInIndex = 1; lastKnownFileType = text.xcconfig; name = "Pods-PayCalc.debug.xcconfig"; path = "Target Support Files/Pods-PayCalc/Pods-PayCalc.debug.xcconfig"; sourceTree = "<group>"; };
		A240A1CD23C4342A002846D3 /* PayCalc.app */ = {isa = PBXFileReference; explicitFileType = wrapper.application; includeInIndex = 0; path = PayCalc.app; sourceTree = BUILT_PRODUCTS_DIR; };
		A240A1D923C4342B002846D3 /* Assets.xcassets */ = {isa = PBXFileReference; lastKnownFileType = folder.assetcatalog; path = Assets.xcassets; sourceTree = "<group>"; };
		A240A1DC23C4342B002846D3 /* Base */ = {isa = PBXFileReference; lastKnownFileType = file.storyboard; name = Base; path = Base.lproj/LaunchScreen.storyboard; sourceTree = "<group>"; };
		A240A1DE23C4342B002846D3 /* Info.plist */ = {isa = PBXFileReference; lastKnownFileType = text.plist.xml; path = Info.plist; sourceTree = "<group>"; };
		A240A1E423C43448002846D3 /* GoogleService-Info.plist */ = {isa = PBXFileReference; fileEncoding = 4; lastKnownFileType = text.plist.xml; path = "GoogleService-Info.plist"; sourceTree = "<group>"; };
		A240A1E623C434F5002846D3 /* WeekTwoViewController.swift */ = {isa = PBXFileReference; fileEncoding = 4; lastKnownFileType = sourcecode.swift; path = WeekTwoViewController.swift; sourceTree = "<group>"; };
		A240A1E723C434F6002846D3 /* WeekOneViewController.swift */ = {isa = PBXFileReference; fileEncoding = 4; lastKnownFileType = sourcecode.swift; path = WeekOneViewController.swift; sourceTree = "<group>"; };
		A240A1E823C434F6002846D3 /* HistoryViewController.swift */ = {isa = PBXFileReference; fileEncoding = 4; lastKnownFileType = sourcecode.swift; path = HistoryViewController.swift; sourceTree = "<group>"; };
		A240A1EA23C434F7002846D3 /* ResultsViewController.swift */ = {isa = PBXFileReference; fileEncoding = 4; lastKnownFileType = sourcecode.swift; path = ResultsViewController.swift; sourceTree = "<group>"; };
		A240A1F023C43512002846D3 /* AppDelegate.swift */ = {isa = PBXFileReference; fileEncoding = 4; lastKnownFileType = sourcecode.swift; path = AppDelegate.swift; sourceTree = "<group>"; };
		A240A1F123C43512002846D3 /* Constants.swift */ = {isa = PBXFileReference; fileEncoding = 4; lastKnownFileType = sourcecode.swift; path = Constants.swift; sourceTree = "<group>"; };
		A240A1F223C43513002846D3 /* SceneDelegate.swift */ = {isa = PBXFileReference; fileEncoding = 4; lastKnownFileType = sourcecode.swift; path = SceneDelegate.swift; sourceTree = "<group>"; };
		A240A1F623C43525002846D3 /* Main.storyboard */ = {isa = PBXFileReference; fileEncoding = 4; lastKnownFileType = file.storyboard; path = Main.storyboard; sourceTree = "<group>"; };
		A298263F23C527D400E9F50D /* DetailViewController.swift */ = {isa = PBXFileReference; lastKnownFileType = sourcecode.swift; path = DetailViewController.swift; sourceTree = "<group>"; };
		A4358CA5DD7E6F502DB39655 /* Pods_PayCalc.framework */ = {isa = PBXFileReference; explicitFileType = wrapper.framework; includeInIndex = 0; path = Pods_PayCalc.framework; sourceTree = BUILT_PRODUCTS_DIR; };
		EF0590F6C96EDA89E4C391AE /* Pods-PayCalc.release.xcconfig */ = {isa = PBXFileReference; includeInIndex = 1; lastKnownFileType = text.xcconfig; name = "Pods-PayCalc.release.xcconfig"; path = "Target Support Files/Pods-PayCalc/Pods-PayCalc.release.xcconfig"; sourceTree = "<group>"; };
/* End PBXFileReference section */

/* Begin PBXFrameworksBuildPhase section */
		A240A1CA23C4342A002846D3 /* Frameworks */ = {
			isa = PBXFrameworksBuildPhase;
			buildActionMask = 2147483647;
			files = (
				C42A5018D1FF456B39F6E712 /* Pods_PayCalc.framework in Frameworks */,
			);
			runOnlyForDeploymentPostprocessing = 0;
		};
/* End PBXFrameworksBuildPhase section */

/* Begin PBXGroup section */
		A240A1C423C4342A002846D3 = {
			isa = PBXGroup;
			children = (
				A240A1CF23C4342A002846D3 /* PayCalc */,
				A240A1CE23C4342A002846D3 /* Products */,
				BA416D7C1C36D66802B3DDEF /* Pods */,
				CA2E23A14B9314C4A09672AA /* Frameworks */,
			);
			sourceTree = "<group>";
		};
		A240A1CE23C4342A002846D3 /* Products */ = {
			isa = PBXGroup;
			children = (
				A240A1CD23C4342A002846D3 /* PayCalc.app */,
			);
			name = Products;
			sourceTree = "<group>";
		};
		A240A1CF23C4342A002846D3 /* PayCalc */ = {
			isa = PBXGroup;
			children = (
				A240A1F023C43512002846D3 /* AppDelegate.swift */,
				A240A1F223C43513002846D3 /* SceneDelegate.swift */,
				A240A1F123C43512002846D3 /* Constants.swift */,
				A240A1E723C434F6002846D3 /* WeekOneViewController.swift */,
				A240A1E623C434F5002846D3 /* WeekTwoViewController.swift */,
				A240A1EA23C434F7002846D3 /* ResultsViewController.swift */,
				A240A1E823C434F6002846D3 /* HistoryViewController.swift */,
				A298263F23C527D400E9F50D /* DetailViewController.swift */,
				A240A1F623C43525002846D3 /* Main.storyboard */,
				A240A1D923C4342B002846D3 /* Assets.xcassets */,
				A240A1DB23C4342B002846D3 /* LaunchScreen.storyboard */,
				A240A1DE23C4342B002846D3 /* Info.plist */,
				A240A1E423C43448002846D3 /* GoogleService-Info.plist */,
			);
			path = PayCalc;
			sourceTree = "<group>";
		};
		BA416D7C1C36D66802B3DDEF /* Pods */ = {
			isa = PBXGroup;
			children = (
				4DBA3B65EFF33610BD7E5DBE /* Pods-PayCalc.debug.xcconfig */,
				EF0590F6C96EDA89E4C391AE /* Pods-PayCalc.release.xcconfig */,
			);
			path = Pods;
			sourceTree = "<group>";
		};
		CA2E23A14B9314C4A09672AA /* Frameworks */ = {
			isa = PBXGroup;
			children = (
				A4358CA5DD7E6F502DB39655 /* Pods_PayCalc.framework */,
			);
			name = Frameworks;
			sourceTree = "<group>";
		};
/* End PBXGroup section */

/* Begin PBXNativeTarget section */
		A240A1CC23C4342A002846D3 /* PayCalc */ = {
			isa = PBXNativeTarget;
			buildConfigurationList = A240A1E123C4342B002846D3 /* Build configuration list for PBXNativeTarget "PayCalc" */;
			buildPhases = (
				321C16F33AC475A029A87037 /* [CP] Check Pods Manifest.lock */,
				A240A1C923C4342A002846D3 /* Sources */,
				A240A1CA23C4342A002846D3 /* Frameworks */,
				A240A1CB23C4342A002846D3 /* Resources */,
				15535C5E34764FAE992D7B1E /* [CP] Embed Pods Frameworks */,
			);
			buildRules = (
			);
			dependencies = (
			);
			name = PayCalc;
			productName = PayCalc;
			productReference = A240A1CD23C4342A002846D3 /* PayCalc.app */;
			productType = "com.apple.product-type.application";
		};
/* End PBXNativeTarget section */

/* Begin PBXProject section */
		A240A1C523C4342A002846D3 /* Project object */ = {
			isa = PBXProject;
			attributes = {
				LastSwiftUpdateCheck = 1130;
				LastUpgradeCheck = 1130;
				ORGANIZATIONNAME = "Jesse Brior";
				TargetAttributes = {
					A240A1CC23C4342A002846D3 = {
						CreatedOnToolsVersion = 11.3;
					};
				};
			};
			buildConfigurationList = A240A1C823C4342A002846D3 /* Build configuration list for PBXProject "PayCalc" */;
			compatibilityVersion = "Xcode 9.3";
			developmentRegion = en;
			hasScannedForEncodings = 0;
			knownRegions = (
				en,
				Base,
			);
			mainGroup = A240A1C423C4342A002846D3;
			productRefGroup = A240A1CE23C4342A002846D3 /* Products */;
			projectDirPath = "";
			projectRoot = "";
			targets = (
				A240A1CC23C4342A002846D3 /* PayCalc */,
			);
		};
/* End PBXProject section */

/* Begin PBXResourcesBuildPhase section */
		A240A1CB23C4342A002846D3 /* Resources */ = {
			isa = PBXResourcesBuildPhase;
			buildActionMask = 2147483647;
			files = (
				A240A1F823C438AF002846D3 /* Main.storyboard in Resources */,
				A240A1DD23C4342B002846D3 /* LaunchScreen.storyboard in Resources */,
				A240A1E523C43448002846D3 /* GoogleService-Info.plist in Resources */,
				A240A1DA23C4342B002846D3 /* Assets.xcassets in Resources */,
			);
			runOnlyForDeploymentPostprocessing = 0;
		};
/* End PBXResourcesBuildPhase section */

/* Begin PBXShellScriptBuildPhase section */
		15535C5E34764FAE992D7B1E /* [CP] Embed Pods Frameworks */ = {
			isa = PBXShellScriptBuildPhase;
			buildActionMask = 2147483647;
			files = (
			);
			inputFileListPaths = (
				"${PODS_ROOT}/Target Support Files/Pods-PayCalc/Pods-PayCalc-frameworks-${CONFIGURATION}-input-files.xcfilelist",
			);
			name = "[CP] Embed Pods Frameworks";
			outputFileListPaths = (
				"${PODS_ROOT}/Target Support Files/Pods-PayCalc/Pods-PayCalc-frameworks-${CONFIGURATION}-output-files.xcfilelist",
			);
			runOnlyForDeploymentPostprocessing = 0;
			shellPath = /bin/sh;
			shellScript = "\"${PODS_ROOT}/Target Support Files/Pods-PayCalc/Pods-PayCalc-frameworks.sh\"\n";
			showEnvVarsInLog = 0;
		};
		321C16F33AC475A029A87037 /* [CP] Check Pods Manifest.lock */ = {
			isa = PBXShellScriptBuildPhase;
			buildActionMask = 2147483647;
			files = (
			);
			inputFileListPaths = (
			);
			inputPaths = (
				"${PODS_PODFILE_DIR_PATH}/Podfile.lock",
				"${PODS_ROOT}/Manifest.lock",
			);
			name = "[CP] Check Pods Manifest.lock";
			outputFileListPaths = (
			);
			outputPaths = (
				"$(DERIVED_FILE_DIR)/Pods-PayCalc-checkManifestLockResult.txt",
			);
			runOnlyForDeploymentPostprocessing = 0;
			shellPath = /bin/sh;
			shellScript = "diff \"${PODS_PODFILE_DIR_PATH}/Podfile.lock\" \"${PODS_ROOT}/Manifest.lock\" > /dev/null\nif [ $? != 0 ] ; then\n    # print error to STDERR\n    echo \"error: The sandbox is not in sync with the Podfile.lock. Run 'pod install' or update your CocoaPods installation.\" >&2\n    exit 1\nfi\n# This output is used by Xcode 'outputs' to avoid re-running this script phase.\necho \"SUCCESS\" > \"${SCRIPT_OUTPUT_FILE_0}\"\n";
			showEnvVarsInLog = 0;
		};
/* End PBXShellScriptBuildPhase section */

/* Begin PBXSourcesBuildPhase section */
		A240A1C923C4342A002846D3 /* Sources */ = {
			isa = PBXSourcesBuildPhase;
			buildActionMask = 2147483647;
			files = (
				A240A1F323C43513002846D3 /* AppDelegate.swift in Sources */,
				A240A1EF23C434F7002846D3 /* ResultsViewController.swift in Sources */,
				A240A1EB23C434F7002846D3 /* WeekTwoViewController.swift in Sources */,
				A240A1F423C43513002846D3 /* Constants.swift in Sources */,
				A240A1ED23C434F7002846D3 /* HistoryViewController.swift in Sources */,
				A240A1EC23C434F7002846D3 /* WeekOneViewController.swift in Sources */,
				A240A1F523C43513002846D3 /* SceneDelegate.swift in Sources */,
				A298264023C527D400E9F50D /* DetailViewController.swift in Sources */,
			);
			runOnlyForDeploymentPostprocessing = 0;
		};
/* End PBXSourcesBuildPhase section */

/* Begin PBXVariantGroup section */
		A240A1DB23C4342B002846D3 /* LaunchScreen.storyboard */ = {
			isa = PBXVariantGroup;
			children = (
				A240A1DC23C4342B002846D3 /* Base */,
			);
			name = LaunchScreen.storyboard;
			sourceTree = "<group>";
		};
/* End PBXVariantGroup section */

/* Begin XCBuildConfiguration section */
		A240A1DF23C4342B002846D3 /* Debug */ = {
			isa = XCBuildConfiguration;
			buildSettings = {
				ALWAYS_SEARCH_USER_PATHS = NO;
				CLANG_ANALYZER_NONNULL = YES;
				CLANG_ANALYZER_NUMBER_OBJECT_CONVERSION = YES_AGGRESSIVE;
				CLANG_CXX_LANGUAGE_STANDARD = "gnu++14";
				CLANG_CXX_LIBRARY = "libc++";
				CLANG_ENABLE_MODULES = YES;
				CLANG_ENABLE_OBJC_ARC = YES;
				CLANG_ENABLE_OBJC_WEAK = YES;
				CLANG_WARN_BLOCK_CAPTURE_AUTORELEASING = YES;
				CLANG_WARN_BOOL_CONVERSION = YES;
				CLANG_WARN_COMMA = YES;
				CLANG_WARN_CONSTANT_CONVERSION = YES;
				CLANG_WARN_DEPRECATED_OBJC_IMPLEMENTATIONS = YES;
				CLANG_WARN_DIRECT_OBJC_ISA_USAGE = YES_ERROR;
				CLANG_WARN_DOCUMENTATION_COMMENTS = YES;
				CLANG_WARN_EMPTY_BODY = YES;
				CLANG_WARN_ENUM_CONVERSION = YES;
				CLANG_WARN_INFINITE_RECURSION = YES;
				CLANG_WARN_INT_CONVERSION = YES;
				CLANG_WARN_NON_LITERAL_NULL_CONVERSION = YES;
				CLANG_WARN_OBJC_IMPLICIT_RETAIN_SELF = YES;
				CLANG_WARN_OBJC_LITERAL_CONVERSION = YES;
				CLANG_WARN_OBJC_ROOT_CLASS = YES_ERROR;
				CLANG_WARN_RANGE_LOOP_ANALYSIS = YES;
				CLANG_WARN_STRICT_PROTOTYPES = YES;
				CLANG_WARN_SUSPICIOUS_MOVE = YES;
				CLANG_WARN_UNGUARDED_AVAILABILITY = YES_AGGRESSIVE;
				CLANG_WARN_UNREACHABLE_CODE = YES;
				CLANG_WARN__DUPLICATE_METHOD_MATCH = YES;
				COPY_PHASE_STRIP = NO;
				DEBUG_INFORMATION_FORMAT = dwarf;
				ENABLE_STRICT_OBJC_MSGSEND = YES;
				ENABLE_TESTABILITY = YES;
				GCC_C_LANGUAGE_STANDARD = gnu11;
				GCC_DYNAMIC_NO_PIC = NO;
				GCC_NO_COMMON_BLOCKS = YES;
				GCC_OPTIMIZATION_LEVEL = 0;
				GCC_PREPROCESSOR_DEFINITIONS = (
					"DEBUG=1",
					"$(inherited)",
				);
				GCC_WARN_64_TO_32_BIT_CONVERSION = YES;
				GCC_WARN_ABOUT_RETURN_TYPE = YES_ERROR;
				GCC_WARN_UNDECLARED_SELECTOR = YES;
				GCC_WARN_UNINITIALIZED_AUTOS = YES_AGGRESSIVE;
				GCC_WARN_UNUSED_FUNCTION = YES;
				GCC_WARN_UNUSED_VARIABLE = YES;
				IPHONEOS_DEPLOYMENT_TARGET = 13.2;
				MTL_ENABLE_DEBUG_INFO = INCLUDE_SOURCE;
				MTL_FAST_MATH = YES;
				ONLY_ACTIVE_ARCH = YES;
				SDKROOT = iphoneos;
				SWIFT_ACTIVE_COMPILATION_CONDITIONS = DEBUG;
				SWIFT_OPTIMIZATION_LEVEL = "-Onone";
			};
			name = Debug;
		};
		A240A1E023C4342B002846D3 /* Release */ = {
			isa = XCBuildConfiguration;
			buildSettings = {
				ALWAYS_SEARCH_USER_PATHS = NO;
				CLANG_ANALYZER_NONNULL = YES;
				CLANG_ANALYZER_NUMBER_OBJECT_CONVERSION = YES_AGGRESSIVE;
				CLANG_CXX_LANGUAGE_STANDARD = "gnu++14";
				CLANG_CXX_LIBRARY = "libc++";
				CLANG_ENABLE_MODULES = YES;
				CLANG_ENABLE_OBJC_ARC = YES;
				CLANG_ENABLE_OBJC_WEAK = YES;
				CLANG_WARN_BLOCK_CAPTURE_AUTORELEASING = YES;
				CLANG_WARN_BOOL_CONVERSION = YES;
				CLANG_WARN_COMMA = YES;
				CLANG_WARN_CONSTANT_CONVERSION = YES;
				CLANG_WARN_DEPRECATED_OBJC_IMPLEMENTATIONS = YES;
				CLANG_WARN_DIRECT_OBJC_ISA_USAGE = YES_ERROR;
				CLANG_WARN_DOCUMENTATION_COMMENTS = YES;
				CLANG_WARN_EMPTY_BODY = YES;
				CLANG_WARN_ENUM_CONVERSION = YES;
				CLANG_WARN_INFINITE_RECURSION = YES;
				CLANG_WARN_INT_CONVERSION = YES;
				CLANG_WARN_NON_LITERAL_NULL_CONVERSION = YES;
				CLANG_WARN_OBJC_IMPLICIT_RETAIN_SELF = YES;
				CLANG_WARN_OBJC_LITERAL_CONVERSION = YES;
				CLANG_WARN_OBJC_ROOT_CLASS = YES_ERROR;
				CLANG_WARN_RANGE_LOOP_ANALYSIS = YES;
				CLANG_WARN_STRICT_PROTOTYPES = YES;
				CLANG_WARN_SUSPICIOUS_MOVE = YES;
				CLANG_WARN_UNGUARDED_AVAILABILITY = YES_AGGRESSIVE;
				CLANG_WARN_UNREACHABLE_CODE = YES;
				CLANG_WARN__DUPLICATE_METHOD_MATCH = YES;
				COPY_PHASE_STRIP = NO;
				DEBUG_INFORMATION_FORMAT = "dwarf-with-dsym";
				ENABLE_NS_ASSERTIONS = NO;
				ENABLE_STRICT_OBJC_MSGSEND = YES;
				GCC_C_LANGUAGE_STANDARD = gnu11;
				GCC_NO_COMMON_BLOCKS = YES;
				GCC_WARN_64_TO_32_BIT_CONVERSION = YES;
				GCC_WARN_ABOUT_RETURN_TYPE = YES_ERROR;
				GCC_WARN_UNDECLARED_SELECTOR = YES;
				GCC_WARN_UNINITIALIZED_AUTOS = YES_AGGRESSIVE;
				GCC_WARN_UNUSED_FUNCTION = YES;
				GCC_WARN_UNUSED_VARIABLE = YES;
				IPHONEOS_DEPLOYMENT_TARGET = 13.2;
				MTL_ENABLE_DEBUG_INFO = NO;
				MTL_FAST_MATH = YES;
				SDKROOT = iphoneos;
				SWIFT_COMPILATION_MODE = wholemodule;
				SWIFT_OPTIMIZATION_LEVEL = "-O";
				VALIDATE_PRODUCT = YES;
			};
			name = Release;
		};
		A240A1E223C4342B002846D3 /* Debug */ = {
			isa = XCBuildConfiguration;
			baseConfigurationReference = 4DBA3B65EFF33610BD7E5DBE /* Pods-PayCalc.debug.xcconfig */;
			buildSettings = {
				ASSETCATALOG_COMPILER_APPICON_NAME = AppIcon;
				CODE_SIGN_STYLE = Automatic;
				DEVELOPMENT_TEAM = PQ99VWJBK3;
				INFOPLIST_FILE = PayCalc/Info.plist;
				LD_RUNPATH_SEARCH_PATHS = (
					"$(inherited)",
					"@executable_path/Frameworks",
				);
				PRODUCT_BUNDLE_IDENTIFIER = com.brior.us.PayCalc;
				PRODUCT_NAME = "$(TARGET_NAME)";
				SWIFT_VERSION = 5.0;
				TARGETED_DEVICE_FAMILY = "1,2";
			};
			name = Debug;
		};
		A240A1E323C4342B002846D3 /* Release */ = {
			isa = XCBuildConfiguration;
			baseConfigurationReference = EF0590F6C96EDA89E4C391AE /* Pods-PayCalc.release.xcconfig */;
			buildSettings = {
				ASSETCATALOG_COMPILER_APPICON_NAME = AppIcon;
				CODE_SIGN_STYLE = Automatic;
				DEVELOPMENT_TEAM = PQ99VWJBK3;
				INFOPLIST_FILE = PayCalc/Info.plist;
				LD_RUNPATH_SEARCH_PATHS = (
					"$(inherited)",
					"@executable_path/Frameworks",
				);
				PRODUCT_BUNDLE_IDENTIFIER = com.brior.us.PayCalc;
				PRODUCT_NAME = "$(TARGET_NAME)";
				SWIFT_VERSION = 5.0;
				TARGETED_DEVICE_FAMILY = "1,2";
			};
			name = Release;
		};
/* End XCBuildConfiguration section */

/* Begin XCConfigurationList section */
		A240A1C823C4342A002846D3 /* Build configuration list for PBXProject "PayCalc" */ = {
			isa = XCConfigurationList;
			buildConfigurations = (
				A240A1DF23C4342B002846D3 /* Debug */,
				A240A1E023C4342B002846D3 /* Release */,
			);
			defaultConfigurationIsVisible = 0;
			defaultConfigurationName = Release;
		};
		A240A1E123C4342B002846D3 /* Build configuration list for PBXNativeTarget "PayCalc" */ = {
			isa = XCConfigurationList;
			buildConfigurations = (
				A240A1E223C4342B002846D3 /* Debug */,
				A240A1E323C4342B002846D3 /* Release */,
			);
			defaultConfigurationIsVisible = 0;
			defaultConfigurationName = Release;
		};
/* End XCConfigurationList section */
	};
	rootObject = A240A1C523C4342A002846D3 /* Project object */;
}
